// !$*UTF8*$!
{
	archiveVersion = 1;
	classes = {
	};
	objectVersion = 46;
	objects = {

/* Begin PBXBuildFile section */
		320750061F44827000033BD7 /* main.m in Sources */ = {isa = PBXBuildFile; fileRef = 320750051F44827000033BD7 /* main.m */; };
		320750091F44827000033BD7 /* AppDelegate.m in Sources */ = {isa = PBXBuildFile; fileRef = 320750081F44827000033BD7 /* AppDelegate.m */; };
		3207500C1F44827000033BD7 /* ViewController.m in Sources */ = {isa = PBXBuildFile; fileRef = 3207500B1F44827000033BD7 /* ViewController.m */; };
		3207500F1F44827000033BD7 /* Main.storyboard in Resources */ = {isa = PBXBuildFile; fileRef = 3207500D1F44827000033BD7 /* Main.storyboard */; };
		320750111F44827000033BD7 /* Assets.xcassets in Resources */ = {isa = PBXBuildFile; fileRef = 320750101F44827000033BD7 /* Assets.xcassets */; };
		320750141F44827000033BD7 /* LaunchScreen.storyboard in Resources */ = {isa = PBXBuildFile; fileRef = 320750121F44827000033BD7 /* LaunchScreen.storyboard */; };
		3207501D1F4482DA00033BD7 /* AVAudioPlayerViewController.m in Sources */ = {isa = PBXBuildFile; fileRef = 3207501C1F4482DA00033BD7 /* AVAudioPlayerViewController.m */; };
		3207501F1F44887E00033BD7 /* music.mp3 in Resources */ = {isa = PBXBuildFile; fileRef = 3207501E1F44887E00033BD7 /* music.mp3 */; };
		3282BE371F4ECCFE0019F578 /* AVQueuePlayerViewController.m in Sources */ = {isa = PBXBuildFile; fileRef = 3282BE361F4ECCFE0019F578 /* AVQueuePlayerViewController.m */; };
		32D665A11F4D81E80030DEE5 /* AVPlayerViewController.m in Sources */ = {isa = PBXBuildFile; fileRef = 32D665A01F4D81E80030DEE5 /* AVPlayerViewController.m */; };
/* End PBXBuildFile section */

/* Begin PBXFileReference section */
		320750011F44827000033BD7 /* AVAudioDemo.app */ = {isa = PBXFileReference; explicitFileType = wrapper.application; includeInIndex = 0; path = AVAudioDemo.app; sourceTree = BUILT_PRODUCTS_DIR; };
		320750051F44827000033BD7 /* main.m */ = {isa = PBXFileReference; lastKnownFileType = sourcecode.c.objc; path = main.m; sourceTree = "<group>"; };
		320750071F44827000033BD7 /* AppDelegate.h */ = {isa = PBXFileReference; lastKnownFileType = sourcecode.c.h; path = AppDelegate.h; sourceTree = "<group>"; };
		320750081F44827000033BD7 /* AppDelegate.m */ = {isa = PBXFileReference; lastKnownFileType = sourcecode.c.objc; path = AppDelegate.m; sourceTree = "<group>"; };
		3207500A1F44827000033BD7 /* ViewController.h */ = {isa = PBXFileReference; lastKnownFileType = sourcecode.c.h; path = ViewController.h; sourceTree = "<group>"; };
		3207500B1F44827000033BD7 /* ViewController.m */ = {isa = PBXFileReference; lastKnownFileType = sourcecode.c.objc; path = ViewController.m; sourceTree = "<group>"; };
		3207500E1F44827000033BD7 /* Base */ = {isa = PBXFileReference; lastKnownFileType = file.storyboard; name = Base; path = Base.lproj/Main.storyboard; sourceTree = "<group>"; };
		320750101F44827000033BD7 /* Assets.xcassets */ = {isa = PBXFileReference; lastKnownFileType = folder.assetcatalog; path = Assets.xcassets; sourceTree = "<group>"; };
		320750131F44827000033BD7 /* Base */ = {isa = PBXFileReference; lastKnownFileType = file.storyboard; name = Base; path = Base.lproj/LaunchScreen.storyboard; sourceTree = "<group>"; };
		320750151F44827000033BD7 /* Info.plist */ = {isa = PBXFileReference; lastKnownFileType = text.plist.xml; path = Info.plist; sourceTree = "<group>"; };
		3207501B1F4482DA00033BD7 /* AVAudioPlayerViewController.h */ = {isa = PBXFileReference; fileEncoding = 4; lastKnownFileType = sourcecode.c.h; path = AVAudioPlayerViewController.h; sourceTree = "<group>"; };
		3207501C1F4482DA00033BD7 /* AVAudioPlayerViewController.m */ = {isa = PBXFileReference; fileEncoding = 4; lastKnownFileType = sourcecode.c.objc; path = AVAudioPlayerViewController.m; sourceTree = "<group>"; };
		3207501E1F44887E00033BD7 /* music.mp3 */ = {isa = PBXFileReference; lastKnownFileType = audio.mp3; path = music.mp3; sourceTree = "<group>"; };
		3282BE351F4ECCFE0019F578 /* AVQueuePlayerViewController.h */ = {isa = PBXFileReference; fileEncoding = 4; lastKnownFileType = sourcecode.c.h; path = AVQueuePlayerViewController.h; sourceTree = "<group>"; };
		3282BE361F4ECCFE0019F578 /* AVQueuePlayerViewController.m */ = {isa = PBXFileReference; fileEncoding = 4; lastKnownFileType = sourcecode.c.objc; path = AVQueuePlayerViewController.m; sourceTree = "<group>"; };
		32D6659F1F4D81E80030DEE5 /* AVPlayerViewController.h */ = {isa = PBXFileReference; fileEncoding = 4; lastKnownFileType = sourcecode.c.h; path = AVPlayerViewController.h; sourceTree = "<group>"; };
		32D665A01F4D81E80030DEE5 /* AVPlayerViewController.m */ = {isa = PBXFileReference; fileEncoding = 4; lastKnownFileType = sourcecode.c.objc; path = AVPlayerViewController.m; sourceTree = "<group>"; };
		32D665A31F4D833F0030DEE5 /* AVKit.framework */ = {isa = PBXFileReference; lastKnownFileType = wrapper.framework; name = AVKit.framework; path = System/Library/Frameworks/AVKit.framework; sourceTree = SDKROOT; };
/* End PBXFileReference section */

/* Begin PBXFrameworksBuildPhase section */
		32074FFE1F44827000033BD7 /* Frameworks */ = {
			isa = PBXFrameworksBuildPhase;
			buildActionMask = 2147483647;
			files = (
			);
			runOnlyForDeploymentPostprocessing = 0;
		};
/* End PBXFrameworksBuildPhase section */

/* Begin PBXGroup section */
		32074FF81F44827000033BD7 = {
			isa = PBXGroup;
			children = (
				320750031F44827000033BD7 /* AVAudioDemo */,
				320750021F44827000033BD7 /* Products */,
				32D665A21F4D833F0030DEE5 /* Frameworks */,
			);
			sourceTree = "<group>";
		};
		320750021F44827000033BD7 /* Products */ = {
			isa = PBXGroup;
			children = (
				320750011F44827000033BD7 /* AVAudioDemo.app */,
			);
			name = Products;
			sourceTree = "<group>";
		};
		320750031F44827000033BD7 /* AVAudioDemo */ = {
			isa = PBXGroup;
			children = (
				3207501E1F44887E00033BD7 /* music.mp3 */,
				32D6659F1F4D81E80030DEE5 /* AVPlayerViewController.h */,
				32D665A01F4D81E80030DEE5 /* AVPlayerViewController.m */,
				3207501B1F4482DA00033BD7 /* AVAudioPlayerViewController.h */,
				3207501C1F4482DA00033BD7 /* AVAudioPlayerViewController.m */,
				3282BE351F4ECCFE0019F578 /* AVQueuePlayerViewController.h */,
				3282BE361F4ECCFE0019F578 /* AVQueuePlayerViewController.m */,
				320750071F44827000033BD7 /* AppDelegate.h */,
				320750081F44827000033BD7 /* AppDelegate.m */,
				3207500A1F44827000033BD7 /* ViewController.h */,
				3207500B1F44827000033BD7 /* ViewController.m */,
				3207500D1F44827000033BD7 /* Main.storyboard */,
				320750101F44827000033BD7 /* Assets.xcassets */,
				320750121F44827000033BD7 /* LaunchScreen.storyboard */,
				320750151F44827000033BD7 /* Info.plist */,
				320750041F44827000033BD7 /* Supporting Files */,
			);
			path = AVAudioDemo;
			sourceTree = "<group>";
		};
		320750041F44827000033BD7 /* Supporting Files */ = {
			isa = PBXGroup;
			children = (
				320750051F44827000033BD7 /* main.m */,
			);
			name = "Supporting Files";
			sourceTree = "<group>";
		};
		32D665A21F4D833F0030DEE5 /* Frameworks */ = {
			isa = PBXGroup;
			children = (
				32D665A31F4D833F0030DEE5 /* AVKit.framework */,
			);
			name = Frameworks;
			sourceTree = "<group>";
		};
/* End PBXGroup section */

/* Begin PBXNativeTarget section */
		320750001F44827000033BD7 /* AVAudioDemo */ = {
			isa = PBXNativeTarget;
			buildConfigurationList = 320750181F44827000033BD7 /* Build configuration list for PBXNativeTarget "AVAudioDemo" */;
			buildPhases = (
				32074FFD1F44827000033BD7 /* Sources */,
				32074FFE1F44827000033BD7 /* Frameworks */,
				32074FFF1F44827000033BD7 /* Resources */,
			);
			buildRules = (
			);
			dependencies = (
			);
			name = AVAudioDemo;
			productName = AVAudioDemo;
			productReference = 320750011F44827000033BD7 /* AVAudioDemo.app */;
			productType = "com.apple.product-type.application";
		};
/* End PBXNativeTarget section */

/* Begin PBXProject section */
		32074FF91F44827000033BD7 /* Project object */ = {
			isa = PBXProject;
			attributes = {
				LastUpgradeCheck = 0830;
				ORGANIZATIONNAME = pconline;
				TargetAttributes = {
					320750001F44827000033BD7 = {
						CreatedOnToolsVersion = 8.3.2;
						DevelopmentTeam = 47HD5S74D3;
						ProvisioningStyle = Automatic;
					};
				};
			};
			buildConfigurationList = 32074FFC1F44827000033BD7 /* Build configuration list for PBXProject "AVAudioDemo" */;
			compatibilityVersion = "Xcode 3.2";
			developmentRegion = English;
			hasScannedForEncodings = 0;
			knownRegions = (
				en,
				Base,
			);
			mainGroup = 32074FF81F44827000033BD7;
			productRefGroup = 320750021F44827000033BD7 /* Products */;
			projectDirPath = "";
			projectRoot = "";
			targets = (
				320750001F44827000033BD7 /* AVAudioDemo */,
			);
		};
/* End PBXProject section */

/* Begin PBXResourcesBuildPhase section */
		32074FFF1F44827000033BD7 /* Resources */ = {
			isa = PBXResourcesBuildPhase;
			buildActionMask = 2147483647;
			files = (
				3207501F1F44887E00033BD7 /* music.mp3 in Resources */,
				320750141F44827000033BD7 /* LaunchScreen.storyboard in Resources */,
				320750111F44827000033BD7 /* Assets.xcassets in Resources */,
				3207500F1F44827000033BD7 /* Main.storyboard in Resources */,
			);
			runOnlyForDeploymentPostprocessing = 0;
		};
/* End PBXResourcesBuildPhase section */

/* Begin PBXSourcesBuildPhase section */
		32074FFD1F44827000033BD7 /* Sources */ = {
			isa = PBXSourcesBuildPhase;
			buildActionMask = 2147483647;
			files = (
				32D665A11F4D81E80030DEE5 /* AVPlayerViewController.m in Sources */,
				3207500C1F44827000033BD7 /* ViewController.m in Sources */,
				3282BE371F4ECCFE0019F578 /* AVQueuePlayerViewController.m in Sources */,
				3207501D1F4482DA00033BD7 /* AVAudioPlayerViewController.m in Sources */,
				320750091F44827000033BD7 /* AppDelegate.m in Sources */,
				320750061F44827000033BD7 /* main.m in Sources */,
			);
			runOnlyForDeploymentPostprocessing = 0;
		};
/* End PBXSourcesBuildPhase section */

/* Begin PBXVariantGroup section */
		3207500D1F44827000033BD7 /* Main.storyboard */ = {
			isa = PBXVariantGroup;
			children = (
				3207500E1F44827000033BD7 /* Base */,
			);
			name = Main.storyboard;
			sourceTree = "<group>";
		};
		320750121F44827000033BD7 /* LaunchScreen.storyboard */ = {
			isa = PBXVariantGroup;
			children = (
				320750131F44827000033BD7 /* Base */,
			);
			name = LaunchScreen.storyboard;
			sourceTree = "<group>";
		};
/* End PBXVariantGroup section */

/* Begin XCBuildConfiguration section */
		320750161F44827000033BD7 /* Debug */ = {
			isa = XCBuildConfiguration;
			buildSettings = {
				ALWAYS_SEARCH_USER_PATHS = NO;
				CLANG_ANALYZER_NONNULL = YES;
				CLANG_ANALYZER_NUMBER_OBJECT_CONVERSION = YES_AGGRESSIVE;
				CLANG_CXX_LANGUAGE_STANDARD = "gnu++0x";
				CLANG_CXX_LIBRARY = "libc++";
				CLANG_ENABLE_MODULES = YES;
				CLANG_ENABLE_OBJC_ARC = YES;
				CLANG_WARN_BOOL_CONVERSION = YES;
				CLANG_WARN_CONSTANT_CONVERSION = YES;
				CLANG_WARN_DIRECT_OBJC_ISA_USAGE = YES_ERROR;
				CLANG_WARN_DOCUMENTATION_COMMENTS = YES;
				CLANG_WARN_EMPTY_BODY = YES;
				CLANG_WARN_ENUM_CONVERSION = YES;
				CLANG_WARN_INFINITE_RECURSION = YES;
				CLANG_WARN_INT_CONVERSION = YES;
				CLANG_WARN_OBJC_ROOT_CLASS = YES_ERROR;
				CLANG_WARN_SUSPICIOUS_MOVE = YES;
				CLANG_WARN_UNREACHABLE_CODE = YES;
				CLANG_WARN__DUPLICATE_METHOD_MATCH = YES;
				"CODE_SIGN_IDENTITY[sdk=iphoneos*]" = "iPhone Developer";
				COPY_PHASE_STRIP = NO;
				DEBUG_INFORMATION_FORMAT = dwarf;
				ENABLE_STRICT_OBJC_MSGSEND = YES;
				ENABLE_TESTABILITY = YES;
				GCC_C_LANGUAGE_STANDARD = gnu99;
				GCC_DYNAMIC_NO_PIC = NO;
				GCC_NO_COMMON_BLOCKS = YES;
				GCC_OPTIMIZATION_LEVEL = 0;
				GCC_PREPROCESSOR_DEFINITIONS = (
					"DEBUG=1",
					"$(inherited)",
				);
				GCC_WARN_64_TO_32_BIT_CONVERSION = YES;
				GCC_WARN_ABOUT_RETURN_TYPE = YES_ERROR;
				GCC_WARN_UNDECLARED_SELECTOR = YES;
				GCC_WARN_UNINITIALIZED_AUTOS = YES_AGGRESSIVE;
				GCC_WARN_UNUSED_FUNCTION = YES;
				GCC_WARN_UNUSED_VARIABLE = YES;
				IPHONEOS_DEPLOYMENT_TARGET = 10.3;
				MTL_ENABLE_DEBUG_INFO = YES;
				ONLY_ACTIVE_ARCH = YES;
				SDKROOT = iphoneos;
				TARGETED_DEVICE_FAMILY = "1,2";
			};
			name = Debug;
		};
		320750171F44827000033BD7 /* Release */ = {
			isa = XCBuildConfiguration;
			buildSettings = {
				ALWAYS_SEARCH_USER_PATHS = NO;
				CLANG_ANALYZER_NONNULL = YES;
				CLANG_ANALYZER_NUMBER_OBJECT_CONVERSION = YES_AGGRESSIVE;
				CLANG_CXX_LANGUAGE_STANDARD = "gnu++0x";
				CLANG_CXX_LIBRARY = "libc++";
				CLANG_ENABLE_MODULES = YES;
				CLANG_ENABLE_OBJC_ARC = YES;
				CLANG_WARN_BOOL_CONVERSION = YES;
				CLANG_WARN_CONSTANT_CONVERSION = YES;
				CLANG_WARN_DIRECT_OBJC_ISA_USAGE = YES_ERROR;
				CLANG_WARN_DOCUMENTATION_COMMENTS = YES;
				CLANG_WARN_EMPTY_BODY = YES;
				CLANG_WARN_ENUM_CONVERSION = YES;
				CLANG_WARN_INFINITE_RECURSION = YES;
				CLANG_WARN_INT_CONVERSION = YES;
				CLANG_WARN_OBJC_ROOT_CLASS = YES_ERROR;
				CLANG_WARN_SUSPICIOUS_MOVE = YES;
				CLANG_WARN_UNREACHABLE_CODE = YES;
				CLANG_WARN__DUPLICATE_METHOD_MATCH = YES;
				"CODE_SIGN_IDENTITY[sdk=iphoneos*]" = "iPhone Developer";
				COPY_PHASE_STRIP = NO;
				DEBUG_INFORMATION_FORMAT = "dwarf-with-dsym";
				ENABLE_NS_ASSERTIONS = NO;
				ENABLE_STRICT_OBJC_MSGSEND = YES;
				GCC_C_LANGUAGE_STANDARD = gnu99;
				GCC_NO_COMMON_BLOCKS = YES;
				GCC_WARN_64_TO_32_BIT_CONVERSION = YES;
				GCC_WARN_ABOUT_RETURN_TYPE = YES_ERROR;
				GCC_WARN_UNDECLARED_SELECTOR = YES;
				GCC_WARN_UNINITIALIZED_AUTOS = YES_AGGRESSIVE;
				GCC_WARN_UNUSED_FUNCTION = YES;
				GCC_WARN_UNUSED_VARIABLE = YES;
				IPHONEOS_DEPLOYMENT_TARGET = 10.3;
				MTL_ENABLE_DEBUG_INFO = NO;
				SDKROOT = iphoneos;
				TARGETED_DEVICE_FAMILY = "1,2";
				VALIDATE_PRODUCT = YES;
			};
			name = Release;
		};
		320750191F44827000033BD7 /* Debug */ = {
			isa = XCBuildConfiguration;
			buildSettings = {
				ASSETCATALOG_COMPILER_APPICON_NAME = AppIcon;
				DEVELOPMENT_TEAM = 47HD5S74D3;
				INFOPLIST_FILE = AVAudioDemo/Info.plist;
				LD_RUNPATH_SEARCH_PATHS = "$(inherited) @executable_path/Frameworks";
				PRODUCT_BUNDLE_IDENTIFIER = cn.edu.cqut.AVAudioDemo;
				PRODUCT_NAME = "$(TARGET_NAME)";
			};
			name = Debug;
		};
		3207501A1F44827000033BD7 /* Release */ = {
			isa = XCBuildConfiguration;
			buildSettings = {
				ASSETCATALOG_COMPILER_APPICON_NAME = AppIcon;
				DEVELOPMENT_TEAM = 47HD5S74D3;
				INFOPLIST_FILE = AVAudioDemo/Info.plist;
				LD_RUNPATH_SEARCH_PATHS = "$(inherited) @executable_path/Frameworks";
				PRODUCT_BUNDLE_IDENTIFIER = cn.edu.cqut.AVAudioDemo;
				PRODUCT_NAME = "$(TARGET_NAME)";
			};
			name = Release;
		};
/* End XCBuildConfiguration section */

/* Begin XCConfigurationList section */
		32074FFC1F44827000033BD7 /* Build configuration list for PBXProject "AVAudioDemo" */ = {
			isa = XCConfigurationList;
			buildConfigurations = (
				320750161F44827000033BD7 /* Debug */,
				320750171F44827000033BD7 /* Release */,
			);
			defaultConfigurationIsVisible = 0;
			defaultConfigurationName = Release;
		};
		320750181F44827000033BD7 /* Build configuration list for PBXNativeTarget "AVAudioDemo" */ = {
			isa = XCConfigurationList;
			buildConfigurations = (
				320750191F44827000033BD7 /* Debug */,
				3207501A1F44827000033BD7 /* Release */,
			);
			defaultConfigurationIsVisible = 0;
			defaultConfigurationName = Release;
		};
/* End XCConfigurationList section */
	};
	rootObject = 32074FF91F44827000033BD7 /* Project object */;
}
